// !$*UTF8*$!
{
	archiveVersion = 1;
	classes = {
	};
	objectVersion = 48;
	objects = {

/* Begin PBXBuildFile section */
		16DF4BEE204170E400EDCB55 /* AppDelegate.swift in Sources */ = {isa = PBXBuildFile; fileRef = 16DF4BED204170E400EDCB55 /* AppDelegate.swift */; };
		16DF4BF3204170E400EDCB55 /* Main.storyboard in Resources */ = {isa = PBXBuildFile; fileRef = 16DF4BF1204170E400EDCB55 /* Main.storyboard */; };
		16DF4BF5204170E400EDCB55 /* Assets.xcassets in Resources */ = {isa = PBXBuildFile; fileRef = 16DF4BF4204170E400EDCB55 /* Assets.xcassets */; };
		16DF4BF8204170E400EDCB55 /* LaunchScreen.storyboard in Resources */ = {isa = PBXBuildFile; fileRef = 16DF4BF6204170E400EDCB55 /* LaunchScreen.storyboard */; };
		16DF4C03204170E400EDCB55 /* MDBMemesTests.swift in Sources */ = {isa = PBXBuildFile; fileRef = 16DF4C02204170E400EDCB55 /* MDBMemesTests.swift */; };
		16DF4C0E204170E400EDCB55 /* MDBMemesUITests.swift in Sources */ = {isa = PBXBuildFile; fileRef = 16DF4C0D204170E400EDCB55 /* MDBMemesUITests.swift */; };
		16DF4C282041740800EDCB55 /* User.swift in Sources */ = {isa = PBXBuildFile; fileRef = 16DF4C272041740800EDCB55 /* User.swift */; };
		16DF4C2A2041741000EDCB55 /* Meme.swift in Sources */ = {isa = PBXBuildFile; fileRef = 16DF4C292041741000EDCB55 /* Meme.swift */; };
		16DF4C2D2041744F00EDCB55 /* InitialViewController.swift in Sources */ = {isa = PBXBuildFile; fileRef = 16DF4C2C2041744F00EDCB55 /* InitialViewController.swift */; };
		16DF4C2F2041745500EDCB55 /* LoginViewController.swift in Sources */ = {isa = PBXBuildFile; fileRef = 16DF4C2E2041745500EDCB55 /* LoginViewController.swift */; };
		16DF4C312041745B00EDCB55 /* FeedViewController.swift in Sources */ = {isa = PBXBuildFile; fileRef = 16DF4C302041745B00EDCB55 /* FeedViewController.swift */; };
		16DF4C332041746300EDCB55 /* FavoritesViewController.swift in Sources */ = {isa = PBXBuildFile; fileRef = 16DF4C322041746300EDCB55 /* FavoritesViewController.swift */; };
		16DF4C352041746B00EDCB55 /* UploadMemeViewController.swift in Sources */ = {isa = PBXBuildFile; fileRef = 16DF4C342041746B00EDCB55 /* UploadMemeViewController.swift */; };
		16DF4C372041747300EDCB55 /* LeaderboardViewController.swift in Sources */ = {isa = PBXBuildFile; fileRef = 16DF4C362041747300EDCB55 /* LeaderboardViewController.swift */; };
		16DF4C3D204174A100EDCB55 /* SF-UI-Text-Bold.otf in Resources */ = {isa = PBXBuildFile; fileRef = 16DF4C392041749400EDCB55 /* SF-UI-Text-Bold.otf */; };
		16DF4C3E204174A100EDCB55 /* SF-UI-Text-Light.otf in Resources */ = {isa = PBXBuildFile; fileRef = 16DF4C3C2041749500EDCB55 /* SF-UI-Text-Light.otf */; };
		16DF4C3F204174A100EDCB55 /* SF-UI-Text-Medium.otf in Resources */ = {isa = PBXBuildFile; fileRef = 16DF4C382041749400EDCB55 /* SF-UI-Text-Medium.otf */; };
		16DF4C40204174A100EDCB55 /* SF-UI-Text-Regular.otf in Resources */ = {isa = PBXBuildFile; fileRef = 16DF4C3A2041749400EDCB55 /* SF-UI-Text-Regular.otf */; };
		16DF4C41204174A100EDCB55 /* SF-UI-Text-Semibold.otf in Resources */ = {isa = PBXBuildFile; fileRef = 16DF4C3B2041749400EDCB55 /* SF-UI-Text-Semibold.otf */; };
		16DF4C432041758100EDCB55 /* ProgressView.swift in Sources */ = {isa = PBXBuildFile; fileRef = 16DF4C422041758100EDCB55 /* ProgressView.swift */; };
		16DF4C45204176EE00EDCB55 /* UserAuthHelper.swift in Sources */ = {isa = PBXBuildFile; fileRef = 16DF4C44204176EE00EDCB55 /* UserAuthHelper.swift */; };
		16DF4C472041771600EDCB55 /* RestAPIClient.swift in Sources */ = {isa = PBXBuildFile; fileRef = 16DF4C462041771600EDCB55 /* RestAPIClient.swift */; };
		16DF4C49204177D500EDCB55 /* Constants.swift in Sources */ = {isa = PBXBuildFile; fileRef = 16DF4C48204177D500EDCB55 /* Constants.swift */; };
		16DF4C4B204177F500EDCB55 /* Utils.swift in Sources */ = {isa = PBXBuildFile; fileRef = 16DF4C4A204177F500EDCB55 /* Utils.swift */; };
		16DF4C4D20417BB400EDCB55 /* GoogleService-Info.plist in Resources */ = {isa = PBXBuildFile; fileRef = 16DF4C4C20417BB400EDCB55 /* GoogleService-Info.plist */; };
		16DF4C4F20417C2300EDCB55 /* RestAPIClient-User.swift in Sources */ = {isa = PBXBuildFile; fileRef = 16DF4C4E20417C2300EDCB55 /* RestAPIClient-User.swift */; };
		16DF4C5120417C5D00EDCB55 /* RestAPIClient-Meme.swift in Sources */ = {isa = PBXBuildFile; fileRef = 16DF4C5020417C5D00EDCB55 /* RestAPIClient-Meme.swift */; };
		16DF4C5320417EB100EDCB55 /* FeedViewController-CollectionView.swift in Sources */ = {isa = PBXBuildFile; fileRef = 16DF4C5220417EB100EDCB55 /* FeedViewController-CollectionView.swift */; };
		16DF4C5520417EFF00EDCB55 /* FeedViewController-UISetup.swift in Sources */ = {isa = PBXBuildFile; fileRef = 16DF4C5420417EFF00EDCB55 /* FeedViewController-UISetup.swift */; };
		16DF4C5820417F1A00EDCB55 /* MemeCollectionViewCell.swift in Sources */ = {isa = PBXBuildFile; fileRef = 16DF4C5720417F1A00EDCB55 /* MemeCollectionViewCell.swift */; };
		16DF4C5A2041827E00EDCB55 /* LoginViewController-SetupUI.swift in Sources */ = {isa = PBXBuildFile; fileRef = 16DF4C592041827D00EDCB55 /* LoginViewController-SetupUI.swift */; };
		1AF240EC71ACE326DB8A3607 /* Pods_MDBMemesUITests.framework in Frameworks */ = {isa = PBXBuildFile; fileRef = D3C7CDB2B08D9C4FB1362405 /* Pods_MDBMemesUITests.framework */; };
		608A3CA2C11EC57445C4CF69 /* Pods_MDBMemesTests.framework in Frameworks */ = {isa = PBXBuildFile; fileRef = 39E9F091D0F487E59BCD81A4 /* Pods_MDBMemesTests.framework */; };
		81076F3803065A6334B1DE04 /* Pods_MDBMemes.framework in Frameworks */ = {isa = PBXBuildFile; fileRef = A8704E931E19A3C6A186EE69 /* Pods_MDBMemes.framework */; };
/* End PBXBuildFile section */

/* Begin PBXContainerItemProxy section */
		16DF4BFF204170E400EDCB55 /* PBXContainerItemProxy */ = {
			isa = PBXContainerItemProxy;
			containerPortal = 16DF4BE2204170E400EDCB55 /* Project object */;
			proxyType = 1;
			remoteGlobalIDString = 16DF4BE9204170E400EDCB55;
			remoteInfo = MDBMemes;
		};
		16DF4C0A204170E400EDCB55 /* PBXContainerItemProxy */ = {
			isa = PBXContainerItemProxy;
			containerPortal = 16DF4BE2204170E400EDCB55 /* Project object */;
			proxyType = 1;
			remoteGlobalIDString = 16DF4BE9204170E400EDCB55;
			remoteInfo = MDBMemes;
		};
/* End PBXContainerItemProxy section */

/* Begin PBXFileReference section */
		16DF4BEA204170E400EDCB55 /* MDBMemes.app */ = {isa = PBXFileReference; explicitFileType = wrapper.application; includeInIndex = 0; path = MDBMemes.app; sourceTree = BUILT_PRODUCTS_DIR; };
		16DF4BED204170E400EDCB55 /* AppDelegate.swift */ = {isa = PBXFileReference; lastKnownFileType = sourcecode.swift; path = AppDelegate.swift; sourceTree = "<group>"; };
		16DF4BF2204170E400EDCB55 /* Base */ = {isa = PBXFileReference; lastKnownFileType = file.storyboard; name = Base; path = Base.lproj/Main.storyboard; sourceTree = "<group>"; };
		16DF4BF4204170E400EDCB55 /* Assets.xcassets */ = {isa = PBXFileReference; lastKnownFileType = folder.assetcatalog; path = Assets.xcassets; sourceTree = "<group>"; };
		16DF4BF7204170E400EDCB55 /* Base */ = {isa = PBXFileReference; lastKnownFileType = file.storyboard; name = Base; path = Base.lproj/LaunchScreen.storyboard; sourceTree = "<group>"; };
		16DF4BF9204170E400EDCB55 /* Info.plist */ = {isa = PBXFileReference; lastKnownFileType = text.plist.xml; path = Info.plist; sourceTree = "<group>"; };
		16DF4BFE204170E400EDCB55 /* MDBMemesTests.xctest */ = {isa = PBXFileReference; explicitFileType = wrapper.cfbundle; includeInIndex = 0; path = MDBMemesTests.xctest; sourceTree = BUILT_PRODUCTS_DIR; };
		16DF4C02204170E400EDCB55 /* MDBMemesTests.swift */ = {isa = PBXFileReference; lastKnownFileType = sourcecode.swift; path = MDBMemesTests.swift; sourceTree = "<group>"; };
		16DF4C04204170E400EDCB55 /* Info.plist */ = {isa = PBXFileReference; lastKnownFileType = text.plist.xml; path = Info.plist; sourceTree = "<group>"; };
		16DF4C09204170E400EDCB55 /* MDBMemesUITests.xctest */ = {isa = PBXFileReference; explicitFileType = wrapper.cfbundle; includeInIndex = 0; path = MDBMemesUITests.xctest; sourceTree = BUILT_PRODUCTS_DIR; };
		16DF4C0D204170E400EDCB55 /* MDBMemesUITests.swift */ = {isa = PBXFileReference; lastKnownFileType = sourcecode.swift; path = MDBMemesUITests.swift; sourceTree = "<group>"; };
		16DF4C0F204170E400EDCB55 /* Info.plist */ = {isa = PBXFileReference; lastKnownFileType = text.plist.xml; path = Info.plist; sourceTree = "<group>"; };
		16DF4C272041740800EDCB55 /* User.swift */ = {isa = PBXFileReference; lastKnownFileType = sourcecode.swift; path = User.swift; sourceTree = "<group>"; };
		16DF4C292041741000EDCB55 /* Meme.swift */ = {isa = PBXFileReference; lastKnownFileType = sourcecode.swift; path = Meme.swift; sourceTree = "<group>"; };
		16DF4C2C2041744F00EDCB55 /* InitialViewController.swift */ = {isa = PBXFileReference; lastKnownFileType = sourcecode.swift; path = InitialViewController.swift; sourceTree = "<group>"; };
		16DF4C2E2041745500EDCB55 /* LoginViewController.swift */ = {isa = PBXFileReference; lastKnownFileType = sourcecode.swift; path = LoginViewController.swift; sourceTree = "<group>"; };
		16DF4C302041745B00EDCB55 /* FeedViewController.swift */ = {isa = PBXFileReference; lastKnownFileType = sourcecode.swift; path = FeedViewController.swift; sourceTree = "<group>"; };
		16DF4C322041746300EDCB55 /* FavoritesViewController.swift */ = {isa = PBXFileReference; lastKnownFileType = sourcecode.swift; path = FavoritesViewController.swift; sourceTree = "<group>"; };
		16DF4C342041746B00EDCB55 /* UploadMemeViewController.swift */ = {isa = PBXFileReference; lastKnownFileType = sourcecode.swift; path = UploadMemeViewController.swift; sourceTree = "<group>"; };
		16DF4C362041747300EDCB55 /* LeaderboardViewController.swift */ = {isa = PBXFileReference; lastKnownFileType = sourcecode.swift; path = LeaderboardViewController.swift; sourceTree = "<group>"; };
		16DF4C382041749400EDCB55 /* SF-UI-Text-Medium.otf */ = {isa = PBXFileReference; lastKnownFileType = file; path = "SF-UI-Text-Medium.otf"; sourceTree = "<group>"; };
		16DF4C392041749400EDCB55 /* SF-UI-Text-Bold.otf */ = {isa = PBXFileReference; lastKnownFileType = file; path = "SF-UI-Text-Bold.otf"; sourceTree = "<group>"; };
		16DF4C3A2041749400EDCB55 /* SF-UI-Text-Regular.otf */ = {isa = PBXFileReference; lastKnownFileType = file; path = "SF-UI-Text-Regular.otf"; sourceTree = "<group>"; };
		16DF4C3B2041749400EDCB55 /* SF-UI-Text-Semibold.otf */ = {isa = PBXFileReference; lastKnownFileType = file; path = "SF-UI-Text-Semibold.otf"; sourceTree = "<group>"; };
		16DF4C3C2041749500EDCB55 /* SF-UI-Text-Light.otf */ = {isa = PBXFileReference; lastKnownFileType = file; path = "SF-UI-Text-Light.otf"; sourceTree = "<group>"; };
		16DF4C422041758100EDCB55 /* ProgressView.swift */ = {isa = PBXFileReference; lastKnownFileType = sourcecode.swift; path = ProgressView.swift; sourceTree = "<group>"; };
		16DF4C44204176EE00EDCB55 /* UserAuthHelper.swift */ = {isa = PBXFileReference; lastKnownFileType = sourcecode.swift; path = UserAuthHelper.swift; sourceTree = "<group>"; };
		16DF4C462041771600EDCB55 /* RestAPIClient.swift */ = {isa = PBXFileReference; lastKnownFileType = sourcecode.swift; path = RestAPIClient.swift; sourceTree = "<group>"; };
		16DF4C48204177D500EDCB55 /* Constants.swift */ = {isa = PBXFileReference; lastKnownFileType = sourcecode.swift; path = Constants.swift; sourceTree = "<group>"; };
		16DF4C4A204177F500EDCB55 /* Utils.swift */ = {isa = PBXFileReference; lastKnownFileType = sourcecode.swift; path = Utils.swift; sourceTree = "<group>"; };
		16DF4C4C20417BB400EDCB55 /* GoogleService-Info.plist */ = {isa = PBXFileReference; fileEncoding = 4; lastKnownFileType = text.plist.xml; path = "GoogleService-Info.plist"; sourceTree = SOURCE_ROOT; };
		16DF4C4E20417C2300EDCB55 /* RestAPIClient-User.swift */ = {isa = PBXFileReference; lastKnownFileType = sourcecode.swift; path = "RestAPIClient-User.swift"; sourceTree = "<group>"; };
		16DF4C5020417C5D00EDCB55 /* RestAPIClient-Meme.swift */ = {isa = PBXFileReference; lastKnownFileType = sourcecode.swift; path = "RestAPIClient-Meme.swift"; sourceTree = "<group>"; };
		16DF4C5220417EB100EDCB55 /* FeedViewController-CollectionView.swift */ = {isa = PBXFileReference; lastKnownFileType = sourcecode.swift; path = "FeedViewController-CollectionView.swift"; sourceTree = "<group>"; };
		16DF4C5420417EFF00EDCB55 /* FeedViewController-UISetup.swift */ = {isa = PBXFileReference; lastKnownFileType = sourcecode.swift; path = "FeedViewController-UISetup.swift"; sourceTree = "<group>"; };
		16DF4C5720417F1A00EDCB55 /* MemeCollectionViewCell.swift */ = {isa = PBXFileReference; lastKnownFileType = sourcecode.swift; path = MemeCollectionViewCell.swift; sourceTree = "<group>"; };
		16DF4C592041827D00EDCB55 /* LoginViewController-SetupUI.swift */ = {isa = PBXFileReference; lastKnownFileType = sourcecode.swift; path = "LoginViewController-SetupUI.swift"; sourceTree = "<group>"; };
		29014965344CDE30220F898C /* Pods-MDBMemesTests.debug.xcconfig */ = {isa = PBXFileReference; includeInIndex = 1; lastKnownFileType = text.xcconfig; name = "Pods-MDBMemesTests.debug.xcconfig"; path = "Pods/Target Support Files/Pods-MDBMemesTests/Pods-MDBMemesTests.debug.xcconfig"; sourceTree = "<group>"; };
		2E28565F6855F6877F20C47F /* Pods-MDBMemesUITests.debug.xcconfig */ = {isa = PBXFileReference; includeInIndex = 1; lastKnownFileType = text.xcconfig; name = "Pods-MDBMemesUITests.debug.xcconfig"; path = "Pods/Target Support Files/Pods-MDBMemesUITests/Pods-MDBMemesUITests.debug.xcconfig"; sourceTree = "<group>"; };
		31F789FA13EEED47827085A5 /* Pods-MDBMemesTests.release.xcconfig */ = {isa = PBXFileReference; includeInIndex = 1; lastKnownFileType = text.xcconfig; name = "Pods-MDBMemesTests.release.xcconfig"; path = "Pods/Target Support Files/Pods-MDBMemesTests/Pods-MDBMemesTests.release.xcconfig"; sourceTree = "<group>"; };
		39E9F091D0F487E59BCD81A4 /* Pods_MDBMemesTests.framework */ = {isa = PBXFileReference; explicitFileType = wrapper.framework; includeInIndex = 0; path = Pods_MDBMemesTests.framework; sourceTree = BUILT_PRODUCTS_DIR; };
		4CD8BAFD0EEAB1613928F000 /* Pods-MDBMemesUITests.release.xcconfig */ = {isa = PBXFileReference; includeInIndex = 1; lastKnownFileType = text.xcconfig; name = "Pods-MDBMemesUITests.release.xcconfig"; path = "Pods/Target Support Files/Pods-MDBMemesUITests/Pods-MDBMemesUITests.release.xcconfig"; sourceTree = "<group>"; };
		76036B78A558B60767FC3E2C /* Pods-MDBMemes.release.xcconfig */ = {isa = PBXFileReference; includeInIndex = 1; lastKnownFileType = text.xcconfig; name = "Pods-MDBMemes.release.xcconfig"; path = "Pods/Target Support Files/Pods-MDBMemes/Pods-MDBMemes.release.xcconfig"; sourceTree = "<group>"; };
		A8704E931E19A3C6A186EE69 /* Pods_MDBMemes.framework */ = {isa = PBXFileReference; explicitFileType = wrapper.framework; includeInIndex = 0; path = Pods_MDBMemes.framework; sourceTree = BUILT_PRODUCTS_DIR; };
		D0EB57F5079473623B7FB685 /* Pods-MDBMemes.debug.xcconfig */ = {isa = PBXFileReference; includeInIndex = 1; lastKnownFileType = text.xcconfig; name = "Pods-MDBMemes.debug.xcconfig"; path = "Pods/Target Support Files/Pods-MDBMemes/Pods-MDBMemes.debug.xcconfig"; sourceTree = "<group>"; };
		D3C7CDB2B08D9C4FB1362405 /* Pods_MDBMemesUITests.framework */ = {isa = PBXFileReference; explicitFileType = wrapper.framework; includeInIndex = 0; path = Pods_MDBMemesUITests.framework; sourceTree = BUILT_PRODUCTS_DIR; };
/* End PBXFileReference section */

/* Begin PBXFrameworksBuildPhase section */
		16DF4BE7204170E400EDCB55 /* Frameworks */ = {
			isa = PBXFrameworksBuildPhase;
			buildActionMask = 2147483647;
			files = (
				81076F3803065A6334B1DE04 /* Pods_MDBMemes.framework in Frameworks */,
			);
			runOnlyForDeploymentPostprocessing = 0;
		};
		16DF4BFB204170E400EDCB55 /* Frameworks */ = {
			isa = PBXFrameworksBuildPhase;
			buildActionMask = 2147483647;
			files = (
				608A3CA2C11EC57445C4CF69 /* Pods_MDBMemesTests.framework in Frameworks */,
			);
			runOnlyForDeploymentPostprocessing = 0;
		};
		16DF4C06204170E400EDCB55 /* Frameworks */ = {
			isa = PBXFrameworksBuildPhase;
			buildActionMask = 2147483647;
			files = (
				1AF240EC71ACE326DB8A3607 /* Pods_MDBMemesUITests.framework in Frameworks */,
			);
			runOnlyForDeploymentPostprocessing = 0;
		};
/* End PBXFrameworksBuildPhase section */

/* Begin PBXGroup section */
		16DF4BE1204170E400EDCB55 = {
			isa = PBXGroup;
			children = (
				16DF4BEC204170E400EDCB55 /* MDBMemes */,
				16DF4C01204170E400EDCB55 /* MDBMemesTests */,
				16DF4C0C204170E400EDCB55 /* MDBMemesUITests */,
				16DF4BEB204170E400EDCB55 /* Products */,
				9EBFB7EB39E457EF83C6A426 /* Pods */,
				687FF8A4353CCA806E1E84D3 /* Frameworks */,
			);
			sourceTree = "<group>";
		};
		16DF4BEB204170E400EDCB55 /* Products */ = {
			isa = PBXGroup;
			children = (
				16DF4BEA204170E400EDCB55 /* MDBMemes.app */,
				16DF4BFE204170E400EDCB55 /* MDBMemesTests.xctest */,
				16DF4C09204170E400EDCB55 /* MDBMemesUITests.xctest */,
			);
			name = Products;
			sourceTree = "<group>";
		};
		16DF4BEC204170E400EDCB55 /* MDBMemes */ = {
			isa = PBXGroup;
			children = (
				16DF4C26204173FE00EDCB55 /* Clients */,
				16DF4C25204173FA00EDCB55 /* Helpers */,
				16DF4C24204173F500EDCB55 /* Resources */,
				16DF4C23204173F100EDCB55 /* Lib */,
				16DF4C22204173EC00EDCB55 /* Views */,
				16DF4C21204173E400EDCB55 /* Model */,
				16DF4C20204173D000EDCB55 /* Controllers */,
				16DF4BED204170E400EDCB55 /* AppDelegate.swift */,
				16DF4BF1204170E400EDCB55 /* Main.storyboard */,
				16DF4BF4204170E400EDCB55 /* Assets.xcassets */,
				16DF4BF6204170E400EDCB55 /* LaunchScreen.storyboard */,
				16DF4BF9204170E400EDCB55 /* Info.plist */,
				16DF4C4C20417BB400EDCB55 /* GoogleService-Info.plist */,
			);
			path = MDBMemes;
			sourceTree = "<group>";
		};
		16DF4C01204170E400EDCB55 /* MDBMemesTests */ = {
			isa = PBXGroup;
			children = (
				16DF4C02204170E400EDCB55 /* MDBMemesTests.swift */,
				16DF4C04204170E400EDCB55 /* Info.plist */,
			);
			path = MDBMemesTests;
			sourceTree = "<group>";
		};
		16DF4C0C204170E400EDCB55 /* MDBMemesUITests */ = {
			isa = PBXGroup;
			children = (
				16DF4C0D204170E400EDCB55 /* MDBMemesUITests.swift */,
				16DF4C0F204170E400EDCB55 /* Info.plist */,
			);
			path = MDBMemesUITests;
			sourceTree = "<group>";
		};
		16DF4C1B2041738100EDCB55 /* InitialViewController */ = {
			isa = PBXGroup;
			children = (
				16DF4C2C2041744F00EDCB55 /* InitialViewController.swift */,
			);
			path = InitialViewController;
			sourceTree = "<group>";
		};
		16DF4C1C2041738F00EDCB55 /* LoginViewController */ = {
			isa = PBXGroup;
			children = (
				16DF4C2E2041745500EDCB55 /* LoginViewController.swift */,
				16DF4C592041827D00EDCB55 /* LoginViewController-SetupUI.swift */,
			);
			path = LoginViewController;
			sourceTree = "<group>";
		};
		16DF4C1D2041739500EDCB55 /* FeedViewController */ = {
			isa = PBXGroup;
			children = (
				16DF4C302041745B00EDCB55 /* FeedViewController.swift */,
				16DF4C5220417EB100EDCB55 /* FeedViewController-CollectionView.swift */,
				16DF4C5420417EFF00EDCB55 /* FeedViewController-UISetup.swift */,
				16DF4C5620417F0F00EDCB55 /* Cells */,
			);
			path = FeedViewController;
			sourceTree = "<group>";
		};
		16DF4C1E2041739F00EDCB55 /* FavoritesViewController */ = {
			isa = PBXGroup;
			children = (
				16DF4C322041746300EDCB55 /* FavoritesViewController.swift */,
			);
			path = FavoritesViewController;
			sourceTree = "<group>";
		};
		16DF4C1F204173BD00EDCB55 /* UploadMemeViewControlller */ = {
			isa = PBXGroup;
			children = (
				16DF4C342041746B00EDCB55 /* UploadMemeViewController.swift */,
			);
			path = UploadMemeViewControlller;
			sourceTree = "<group>";
		};
		16DF4C20204173D000EDCB55 /* Controllers */ = {
			isa = PBXGroup;
			children = (
				16DF4C2B2041743B00EDCB55 /* LeaderboardVIewController */,
				16DF4C1F204173BD00EDCB55 /* UploadMemeViewControlller */,
				16DF4C1E2041739F00EDCB55 /* FavoritesViewController */,
				16DF4C1D2041739500EDCB55 /* FeedViewController */,
				16DF4C1C2041738F00EDCB55 /* LoginViewController */,
				16DF4C1B2041738100EDCB55 /* InitialViewController */,
			);
			path = Controllers;
			sourceTree = "<group>";
		};
		16DF4C21204173E400EDCB55 /* Model */ = {
			isa = PBXGroup;
			children = (
				16DF4C272041740800EDCB55 /* User.swift */,
				16DF4C292041741000EDCB55 /* Meme.swift */,
			);
			path = Model;
			sourceTree = "<group>";
		};
		16DF4C22204173EC00EDCB55 /* Views */ = {
			isa = PBXGroup;
			children = (
				16DF4C422041758100EDCB55 /* ProgressView.swift */,
			);
			path = Views;
			sourceTree = "<group>";
		};
		16DF4C23204173F100EDCB55 /* Lib */ = {
			isa = PBXGroup;
			children = (
				16DF4C48204177D500EDCB55 /* Constants.swift */,
				16DF4C4A204177F500EDCB55 /* Utils.swift */,
			);
			path = Lib;
			sourceTree = "<group>";
		};
		16DF4C24204173F500EDCB55 /* Resources */ = {
			isa = PBXGroup;
			children = (
				16DF4C392041749400EDCB55 /* SF-UI-Text-Bold.otf */,
				16DF4C3C2041749500EDCB55 /* SF-UI-Text-Light.otf */,
				16DF4C382041749400EDCB55 /* SF-UI-Text-Medium.otf */,
				16DF4C3A2041749400EDCB55 /* SF-UI-Text-Regular.otf */,
				16DF4C3B2041749400EDCB55 /* SF-UI-Text-Semibold.otf */,
			);
			path = Resources;
			sourceTree = "<group>";
		};
		16DF4C25204173FA00EDCB55 /* Helpers */ = {
			isa = PBXGroup;
			children = (
				16DF4C44204176EE00EDCB55 /* UserAuthHelper.swift */,
			);
			path = Helpers;
			sourceTree = "<group>";
		};
		16DF4C26204173FE00EDCB55 /* Clients */ = {
			isa = PBXGroup;
			children = (
				16DF4C462041771600EDCB55 /* RestAPIClient.swift */,
				16DF4C4E20417C2300EDCB55 /* RestAPIClient-User.swift */,
				16DF4C5020417C5D00EDCB55 /* RestAPIClient-Meme.swift */,
			);
			path = Clients;
			sourceTree = "<group>";
		};
		16DF4C2B2041743B00EDCB55 /* LeaderboardVIewController */ = {
			isa = PBXGroup;
			children = (
				16DF4C362041747300EDCB55 /* LeaderboardViewController.swift */,
			);
			path = LeaderboardVIewController;
			sourceTree = "<group>";
		};
		16DF4C5620417F0F00EDCB55 /* Cells */ = {
			isa = PBXGroup;
			children = (
				16DF4C5720417F1A00EDCB55 /* MemeCollectionViewCell.swift */,
			);
			path = Cells;
			sourceTree = "<group>";
		};
		687FF8A4353CCA806E1E84D3 /* Frameworks */ = {
			isa = PBXGroup;
			children = (
				A8704E931E19A3C6A186EE69 /* Pods_MDBMemes.framework */,
				39E9F091D0F487E59BCD81A4 /* Pods_MDBMemesTests.framework */,
				D3C7CDB2B08D9C4FB1362405 /* Pods_MDBMemesUITests.framework */,
			);
			name = Frameworks;
			sourceTree = "<group>";
		};
		9EBFB7EB39E457EF83C6A426 /* Pods */ = {
			isa = PBXGroup;
			children = (
				D0EB57F5079473623B7FB685 /* Pods-MDBMemes.debug.xcconfig */,
				76036B78A558B60767FC3E2C /* Pods-MDBMemes.release.xcconfig */,
				29014965344CDE30220F898C /* Pods-MDBMemesTests.debug.xcconfig */,
				31F789FA13EEED47827085A5 /* Pods-MDBMemesTests.release.xcconfig */,
				2E28565F6855F6877F20C47F /* Pods-MDBMemesUITests.debug.xcconfig */,
				4CD8BAFD0EEAB1613928F000 /* Pods-MDBMemesUITests.release.xcconfig */,
			);
			name = Pods;
			sourceTree = "<group>";
		};
/* End PBXGroup section */

/* Begin PBXNativeTarget section */
		16DF4BE9204170E400EDCB55 /* MDBMemes */ = {
			isa = PBXNativeTarget;
			buildConfigurationList = 16DF4C12204170E400EDCB55 /* Build configuration list for PBXNativeTarget "MDBMemes" */;
			buildPhases = (
				1D564FA1958946B44B9540E4 /* [CP] Check Pods Manifest.lock */,
				16DF4BE6204170E400EDCB55 /* Sources */,
				16DF4BE7204170E400EDCB55 /* Frameworks */,
				16DF4BE8204170E400EDCB55 /* Resources */,
				68B7A8FFC33E97EEFB4598F9 /* [CP] Embed Pods Frameworks */,
				C1361B13F6A03143FA909A2D /* [CP] Copy Pods Resources */,
			);
			buildRules = (
			);
			dependencies = (
			);
			name = MDBMemes;
			productName = MDBMemes;
			productReference = 16DF4BEA204170E400EDCB55 /* MDBMemes.app */;
			productType = "com.apple.product-type.application";
		};
		16DF4BFD204170E400EDCB55 /* MDBMemesTests */ = {
			isa = PBXNativeTarget;
			buildConfigurationList = 16DF4C15204170E400EDCB55 /* Build configuration list for PBXNativeTarget "MDBMemesTests" */;
			buildPhases = (
				52A810167164A1C217B0BFF6 /* [CP] Check Pods Manifest.lock */,
				16DF4BFA204170E400EDCB55 /* Sources */,
				16DF4BFB204170E400EDCB55 /* Frameworks */,
				16DF4BFC204170E400EDCB55 /* Resources */,
				644BEDB44FCC5004C4EA83AC /* [CP] Embed Pods Frameworks */,
				FC59418E38E014F42F43416A /* [CP] Copy Pods Resources */,
			);
			buildRules = (
			);
			dependencies = (
				16DF4C00204170E400EDCB55 /* PBXTargetDependency */,
			);
			name = MDBMemesTests;
			productName = MDBMemesTests;
			productReference = 16DF4BFE204170E400EDCB55 /* MDBMemesTests.xctest */;
			productType = "com.apple.product-type.bundle.unit-test";
		};
		16DF4C08204170E400EDCB55 /* MDBMemesUITests */ = {
			isa = PBXNativeTarget;
			buildConfigurationList = 16DF4C18204170E400EDCB55 /* Build configuration list for PBXNativeTarget "MDBMemesUITests" */;
			buildPhases = (
				3FEF97C4D2977FAFBA3286C7 /* [CP] Check Pods Manifest.lock */,
				16DF4C05204170E400EDCB55 /* Sources */,
				16DF4C06204170E400EDCB55 /* Frameworks */,
				16DF4C07204170E400EDCB55 /* Resources */,
				957598343BBCF723EF924DDF /* [CP] Embed Pods Frameworks */,
				AD7B78F278CFAC7BDCBC93C2 /* [CP] Copy Pods Resources */,
			);
			buildRules = (
			);
			dependencies = (
				16DF4C0B204170E400EDCB55 /* PBXTargetDependency */,
			);
			name = MDBMemesUITests;
			productName = MDBMemesUITests;
			productReference = 16DF4C09204170E400EDCB55 /* MDBMemesUITests.xctest */;
			productType = "com.apple.product-type.bundle.ui-testing";
		};
/* End PBXNativeTarget section */

/* Begin PBXProject section */
		16DF4BE2204170E400EDCB55 /* Project object */ = {
			isa = PBXProject;
			attributes = {
				LastSwiftUpdateCheck = 0920;
				LastUpgradeCheck = 0920;
				ORGANIZATIONNAME = "Akkshay Khoslaa";
				TargetAttributes = {
					16DF4BE9204170E400EDCB55 = {
						CreatedOnToolsVersion = 9.2;
						ProvisioningStyle = Automatic;
					};
					16DF4BFD204170E400EDCB55 = {
						CreatedOnToolsVersion = 9.2;
						ProvisioningStyle = Automatic;
						TestTargetID = 16DF4BE9204170E400EDCB55;
					};
					16DF4C08204170E400EDCB55 = {
						CreatedOnToolsVersion = 9.2;
						ProvisioningStyle = Automatic;
						TestTargetID = 16DF4BE9204170E400EDCB55;
					};
				};
			};
			buildConfigurationList = 16DF4BE5204170E400EDCB55 /* Build configuration list for PBXProject "MDBMemes" */;
			compatibilityVersion = "Xcode 8.0";
			developmentRegion = en;
			hasScannedForEncodings = 0;
			knownRegions = (
				en,
				Base,
			);
			mainGroup = 16DF4BE1204170E400EDCB55;
			productRefGroup = 16DF4BEB204170E400EDCB55 /* Products */;
			projectDirPath = "";
			projectRoot = "";
			targets = (
				16DF4BE9204170E400EDCB55 /* MDBMemes */,
				16DF4BFD204170E400EDCB55 /* MDBMemesTests */,
				16DF4C08204170E400EDCB55 /* MDBMemesUITests */,
			);
		};
/* End PBXProject section */

/* Begin PBXResourcesBuildPhase section */
		16DF4BE8204170E400EDCB55 /* Resources */ = {
			isa = PBXResourcesBuildPhase;
			buildActionMask = 2147483647;
			files = (
				16DF4C3D204174A100EDCB55 /* SF-UI-Text-Bold.otf in Resources */,
				16DF4C3E204174A100EDCB55 /* SF-UI-Text-Light.otf in Resources */,
				16DF4C4D20417BB400EDCB55 /* GoogleService-Info.plist in Resources */,
				16DF4C3F204174A100EDCB55 /* SF-UI-Text-Medium.otf in Resources */,
				16DF4C40204174A100EDCB55 /* SF-UI-Text-Regular.otf in Resources */,
				16DF4C41204174A100EDCB55 /* SF-UI-Text-Semibold.otf in Resources */,
				16DF4BF8204170E400EDCB55 /* LaunchScreen.storyboard in Resources */,
				16DF4BF5204170E400EDCB55 /* Assets.xcassets in Resources */,
				16DF4BF3204170E400EDCB55 /* Main.storyboard in Resources */,
			);
			runOnlyForDeploymentPostprocessing = 0;
		};
		16DF4BFC204170E400EDCB55 /* Resources */ = {
			isa = PBXResourcesBuildPhase;
			buildActionMask = 2147483647;
			files = (
			);
			runOnlyForDeploymentPostprocessing = 0;
		};
		16DF4C07204170E400EDCB55 /* Resources */ = {
			isa = PBXResourcesBuildPhase;
			buildActionMask = 2147483647;
			files = (
			);
			runOnlyForDeploymentPostprocessing = 0;
		};
/* End PBXResourcesBuildPhase section */

/* Begin PBXShellScriptBuildPhase section */
		1D564FA1958946B44B9540E4 /* [CP] Check Pods Manifest.lock */ = {
			isa = PBXShellScriptBuildPhase;
			buildActionMask = 2147483647;
			files = (
			);
			inputPaths = (
				"${PODS_PODFILE_DIR_PATH}/Podfile.lock",
				"${PODS_ROOT}/Manifest.lock",
			);
			name = "[CP] Check Pods Manifest.lock";
			outputPaths = (
				"$(DERIVED_FILE_DIR)/Pods-MDBMemes-checkManifestLockResult.txt",
			);
			runOnlyForDeploymentPostprocessing = 0;
			shellPath = /bin/sh;
			shellScript = "diff \"${PODS_PODFILE_DIR_PATH}/Podfile.lock\" \"${PODS_ROOT}/Manifest.lock\" > /dev/null\nif [ $? != 0 ] ; then\n    # print error to STDERR\n    echo \"error: The sandbox is not in sync with the Podfile.lock. Run 'pod install' or update your CocoaPods installation.\" >&2\n    exit 1\nfi\n# This output is used by Xcode 'outputs' to avoid re-running this script phase.\necho \"SUCCESS\" > \"${SCRIPT_OUTPUT_FILE_0}\"\n";
			showEnvVarsInLog = 0;
		};
		3FEF97C4D2977FAFBA3286C7 /* [CP] Check Pods Manifest.lock */ = {
			isa = PBXShellScriptBuildPhase;
			buildActionMask = 2147483647;
			files = (
			);
			inputPaths = (
				"${PODS_PODFILE_DIR_PATH}/Podfile.lock",
				"${PODS_ROOT}/Manifest.lock",
			);
			name = "[CP] Check Pods Manifest.lock";
			outputPaths = (
				"$(DERIVED_FILE_DIR)/Pods-MDBMemesUITests-checkManifestLockResult.txt",
			);
			runOnlyForDeploymentPostprocessing = 0;
			shellPath = /bin/sh;
			shellScript = "diff \"${PODS_PODFILE_DIR_PATH}/Podfile.lock\" \"${PODS_ROOT}/Manifest.lock\" > /dev/null\nif [ $? != 0 ] ; then\n    # print error to STDERR\n    echo \"error: The sandbox is not in sync with the Podfile.lock. Run 'pod install' or update your CocoaPods installation.\" >&2\n    exit 1\nfi\n# This output is used by Xcode 'outputs' to avoid re-running this script phase.\necho \"SUCCESS\" > \"${SCRIPT_OUTPUT_FILE_0}\"\n";
			showEnvVarsInLog = 0;
		};
		52A810167164A1C217B0BFF6 /* [CP] Check Pods Manifest.lock */ = {
			isa = PBXShellScriptBuildPhase;
			buildActionMask = 2147483647;
			files = (
			);
			inputPaths = (
				"${PODS_PODFILE_DIR_PATH}/Podfile.lock",
				"${PODS_ROOT}/Manifest.lock",
			);
			name = "[CP] Check Pods Manifest.lock";
			outputPaths = (
				"$(DERIVED_FILE_DIR)/Pods-MDBMemesTests-checkManifestLockResult.txt",
			);
			runOnlyForDeploymentPostprocessing = 0;
			shellPath = /bin/sh;
			shellScript = "diff \"${PODS_PODFILE_DIR_PATH}/Podfile.lock\" \"${PODS_ROOT}/Manifest.lock\" > /dev/null\nif [ $? != 0 ] ; then\n    # print error to STDERR\n    echo \"error: The sandbox is not in sync with the Podfile.lock. Run 'pod install' or update your CocoaPods installation.\" >&2\n    exit 1\nfi\n# This output is used by Xcode 'outputs' to avoid re-running this script phase.\necho \"SUCCESS\" > \"${SCRIPT_OUTPUT_FILE_0}\"\n";
			showEnvVarsInLog = 0;
		};
		644BEDB44FCC5004C4EA83AC /* [CP] Embed Pods Frameworks */ = {
			isa = PBXShellScriptBuildPhase;
			buildActionMask = 2147483647;
			files = (
			);
			inputPaths = (
			);
			name = "[CP] Embed Pods Frameworks";
			outputPaths = (
			);
			runOnlyForDeploymentPostprocessing = 0;
			shellPath = /bin/sh;
			shellScript = "\"${SRCROOT}/Pods/Target Support Files/Pods-MDBMemesTests/Pods-MDBMemesTests-frameworks.sh\"\n";
			showEnvVarsInLog = 0;
		};
		68B7A8FFC33E97EEFB4598F9 /* [CP] Embed Pods Frameworks */ = {
			isa = PBXShellScriptBuildPhase;
			buildActionMask = 2147483647;
			files = (
			);
			inputPaths = (
				"${SRCROOT}/Pods/Target Support Files/Pods-MDBMemes/Pods-MDBMemes-frameworks.sh",
				"${BUILT_PRODUCTS_DIR}/Alamofire/Alamofire.framework",
				"${BUILT_PRODUCTS_DIR}/Bolts/Bolts.framework",
				"${BUILT_PRODUCTS_DIR}/ChameleonFramework/ChameleonFramework.framework",
				"${BUILT_PRODUCTS_DIR}/DGActivityIndicatorView/DGActivityIndicatorView.framework",
				"${BUILT_PRODUCTS_DIR}/FBSDKCoreKit/FBSDKCoreKit.framework",
				"${BUILT_PRODUCTS_DIR}/FBSDKLoginKit/FBSDKLoginKit.framework",
				"${BUILT_PRODUCTS_DIR}/FBSDKShareKit/FBSDKShareKit.framework",
				"${BUILT_PRODUCTS_DIR}/GTMSessionFetcher/GTMSessionFetcher.framework",
				"${BUILT_PRODUCTS_DIR}/GoogleToolboxForMac/GoogleToolboxForMac.framework",
				"${BUILT_PRODUCTS_DIR}/HanekeSwift/Haneke.framework",
				"${BUILT_PRODUCTS_DIR}/JGProgressHUD/JGProgressHUD.framework",
				"${BUILT_PRODUCTS_DIR}/ObjectMapper/ObjectMapper.framework",
				"${BUILT_PRODUCTS_DIR}/PromiseKit/PromiseKit.framework",
				"${BUILT_PRODUCTS_DIR}/Spring/Spring.framework",
				"${BUILT_PRODUCTS_DIR}/SwiftyBeaver/SwiftyBeaver.framework",
				"${BUILT_PRODUCTS_DIR}/SwiftyJSON/SwiftyJSON.framework",
				"${BUILT_PRODUCTS_DIR}/leveldb-library/leveldb.framework",
				"${BUILT_PRODUCTS_DIR}/nanopb/nanopb.framework",
			);
			name = "[CP] Embed Pods Frameworks";
			outputPaths = (
				"${TARGET_BUILD_DIR}/${FRAMEWORKS_FOLDER_PATH}/Alamofire.framework",
				"${TARGET_BUILD_DIR}/${FRAMEWORKS_FOLDER_PATH}/Bolts.framework",
				"${TARGET_BUILD_DIR}/${FRAMEWORKS_FOLDER_PATH}/ChameleonFramework.framework",
				"${TARGET_BUILD_DIR}/${FRAMEWORKS_FOLDER_PATH}/DGActivityIndicatorView.framework",
				"${TARGET_BUILD_DIR}/${FRAMEWORKS_FOLDER_PATH}/FBSDKCoreKit.framework",
				"${TARGET_BUILD_DIR}/${FRAMEWORKS_FOLDER_PATH}/FBSDKLoginKit.framework",
				"${TARGET_BUILD_DIR}/${FRAMEWORKS_FOLDER_PATH}/FBSDKShareKit.framework",
				"${TARGET_BUILD_DIR}/${FRAMEWORKS_FOLDER_PATH}/GTMSessionFetcher.framework",
				"${TARGET_BUILD_DIR}/${FRAMEWORKS_FOLDER_PATH}/GoogleToolboxForMac.framework",
				"${TARGET_BUILD_DIR}/${FRAMEWORKS_FOLDER_PATH}/Haneke.framework",
				"${TARGET_BUILD_DIR}/${FRAMEWORKS_FOLDER_PATH}/JGProgressHUD.framework",
				"${TARGET_BUILD_DIR}/${FRAMEWORKS_FOLDER_PATH}/ObjectMapper.framework",
				"${TARGET_BUILD_DIR}/${FRAMEWORKS_FOLDER_PATH}/PromiseKit.framework",
				"${TARGET_BUILD_DIR}/${FRAMEWORKS_FOLDER_PATH}/Spring.framework",
				"${TARGET_BUILD_DIR}/${FRAMEWORKS_FOLDER_PATH}/SwiftyBeaver.framework",
				"${TARGET_BUILD_DIR}/${FRAMEWORKS_FOLDER_PATH}/SwiftyJSON.framework",
				"${TARGET_BUILD_DIR}/${FRAMEWORKS_FOLDER_PATH}/leveldb.framework",
				"${TARGET_BUILD_DIR}/${FRAMEWORKS_FOLDER_PATH}/nanopb.framework",
			);
			runOnlyForDeploymentPostprocessing = 0;
			shellPath = /bin/sh;
			shellScript = "\"${SRCROOT}/Pods/Target Support Files/Pods-MDBMemes/Pods-MDBMemes-frameworks.sh\"\n";
			showEnvVarsInLog = 0;
		};
		957598343BBCF723EF924DDF /* [CP] Embed Pods Frameworks */ = {
			isa = PBXShellScriptBuildPhase;
			buildActionMask = 2147483647;
			files = (
			);
			inputPaths = (
			);
			name = "[CP] Embed Pods Frameworks";
			outputPaths = (
			);
			runOnlyForDeploymentPostprocessing = 0;
			shellPath = /bin/sh;
			shellScript = "\"${SRCROOT}/Pods/Target Support Files/Pods-MDBMemesUITests/Pods-MDBMemesUITests-frameworks.sh\"\n";
			showEnvVarsInLog = 0;
		};
		AD7B78F278CFAC7BDCBC93C2 /* [CP] Copy Pods Resources */ = {
			isa = PBXShellScriptBuildPhase;
			buildActionMask = 2147483647;
			files = (
			);
			inputPaths = (
			);
			name = "[CP] Copy Pods Resources";
			outputPaths = (
			);
			runOnlyForDeploymentPostprocessing = 0;
			shellPath = /bin/sh;
			shellScript = "\"${SRCROOT}/Pods/Target Support Files/Pods-MDBMemesUITests/Pods-MDBMemesUITests-resources.sh\"\n";
			showEnvVarsInLog = 0;
		};
		C1361B13F6A03143FA909A2D /* [CP] Copy Pods Resources */ = {
			isa = PBXShellScriptBuildPhase;
			buildActionMask = 2147483647;
			files = (
			);
			inputPaths = (
			);
			name = "[CP] Copy Pods Resources";
			outputPaths = (
			);
			runOnlyForDeploymentPostprocessing = 0;
			shellPath = /bin/sh;
			shellScript = "\"${SRCROOT}/Pods/Target Support Files/Pods-MDBMemes/Pods-MDBMemes-resources.sh\"\n";
			showEnvVarsInLog = 0;
		};
		FC59418E38E014F42F43416A /* [CP] Copy Pods Resources */ = {
			isa = PBXShellScriptBuildPhase;
			buildActionMask = 2147483647;
			files = (
			);
			inputPaths = (
			);
			name = "[CP] Copy Pods Resources";
			outputPaths = (
			);
			runOnlyForDeploymentPostprocessing = 0;
			shellPath = /bin/sh;
			shellScript = "\"${SRCROOT}/Pods/Target Support Files/Pods-MDBMemesTests/Pods-MDBMemesTests-resources.sh\"\n";
			showEnvVarsInLog = 0;
		};
/* End PBXShellScriptBuildPhase section */

/* Begin PBXSourcesBuildPhase section */
		16DF4BE6204170E400EDCB55 /* Sources */ = {
			isa = PBXSourcesBuildPhase;
			buildActionMask = 2147483647;
			files = (
				16DF4C5A2041827E00EDCB55 /* LoginViewController-SetupUI.swift in Sources */,
				16DF4C2A2041741000EDCB55 /* Meme.swift in Sources */,
				16DF4C45204176EE00EDCB55 /* UserAuthHelper.swift in Sources */,
				16DF4C352041746B00EDCB55 /* UploadMemeViewController.swift in Sources */,
				16DF4C4F20417C2300EDCB55 /* RestAPIClient-User.swift in Sources */,
				16DF4C4B204177F500EDCB55 /* Utils.swift in Sources */,
				16DF4C5320417EB100EDCB55 /* FeedViewController-CollectionView.swift in Sources */,
				16DF4C282041740800EDCB55 /* User.swift in Sources */,
				16DF4C332041746300EDCB55 /* FavoritesViewController.swift in Sources */,
				16DF4C432041758100EDCB55 /* ProgressView.swift in Sources */,
				16DF4C372041747300EDCB55 /* LeaderboardViewController.swift in Sources */,
				16DF4C5820417F1A00EDCB55 /* MemeCollectionViewCell.swift in Sources */,
				16DF4C49204177D500EDCB55 /* Constants.swift in Sources */,
				16DF4BEE204170E400EDCB55 /* AppDelegate.swift in Sources */,
				16DF4C5120417C5D00EDCB55 /* RestAPIClient-Meme.swift in Sources */,
				16DF4C2F2041745500EDCB55 /* LoginViewController.swift in Sources */,
				16DF4C5520417EFF00EDCB55 /* FeedViewController-UISetup.swift in Sources */,
				16DF4C472041771600EDCB55 /* RestAPIClient.swift in Sources */,
				16DF4C312041745B00EDCB55 /* FeedViewController.swift in Sources */,
				16DF4C2D2041744F00EDCB55 /* InitialViewController.swift in Sources */,
			);
			runOnlyForDeploymentPostprocessing = 0;
		};
		16DF4BFA204170E400EDCB55 /* Sources */ = {
			isa = PBXSourcesBuildPhase;
			buildActionMask = 2147483647;
			files = (
				16DF4C03204170E400EDCB55 /* MDBMemesTests.swift in Sources */,
			);
			runOnlyForDeploymentPostprocessing = 0;
		};
		16DF4C05204170E400EDCB55 /* Sources */ = {
			isa = PBXSourcesBuildPhase;
			buildActionMask = 2147483647;
			files = (
				16DF4C0E204170E400EDCB55 /* MDBMemesUITests.swift in Sources */,
			);
			runOnlyForDeploymentPostprocessing = 0;
		};
/* End PBXSourcesBuildPhase section */

/* Begin PBXTargetDependency section */
		16DF4C00204170E400EDCB55 /* PBXTargetDependency */ = {
			isa = PBXTargetDependency;
			target = 16DF4BE9204170E400EDCB55 /* MDBMemes */;
			targetProxy = 16DF4BFF204170E400EDCB55 /* PBXContainerItemProxy */;
		};
		16DF4C0B204170E400EDCB55 /* PBXTargetDependency */ = {
			isa = PBXTargetDependency;
			target = 16DF4BE9204170E400EDCB55 /* MDBMemes */;
			targetProxy = 16DF4C0A204170E400EDCB55 /* PBXContainerItemProxy */;
		};
/* End PBXTargetDependency section */

/* Begin PBXVariantGroup section */
		16DF4BF1204170E400EDCB55 /* Main.storyboard */ = {
			isa = PBXVariantGroup;
			children = (
				16DF4BF2204170E400EDCB55 /* Base */,
			);
			name = Main.storyboard;
			sourceTree = "<group>";
		};
		16DF4BF6204170E400EDCB55 /* LaunchScreen.storyboard */ = {
			isa = PBXVariantGroup;
			children = (
				16DF4BF7204170E400EDCB55 /* Base */,
			);
			name = LaunchScreen.storyboard;
			sourceTree = "<group>";
		};
/* End PBXVariantGroup section */

/* Begin XCBuildConfiguration section */
		16DF4C10204170E400EDCB55 /* Debug */ = {
			isa = XCBuildConfiguration;
			buildSettings = {
				ALWAYS_SEARCH_USER_PATHS = NO;
				CLANG_ANALYZER_NONNULL = YES;
				CLANG_ANALYZER_NUMBER_OBJECT_CONVERSION = YES_AGGRESSIVE;
				CLANG_CXX_LANGUAGE_STANDARD = "gnu++14";
				CLANG_CXX_LIBRARY = "libc++";
				CLANG_ENABLE_MODULES = YES;
				CLANG_ENABLE_OBJC_ARC = YES;
				CLANG_WARN_BLOCK_CAPTURE_AUTORELEASING = YES;
				CLANG_WARN_BOOL_CONVERSION = YES;
				CLANG_WARN_COMMA = YES;
				CLANG_WARN_CONSTANT_CONVERSION = YES;
				CLANG_WARN_DIRECT_OBJC_ISA_USAGE = YES_ERROR;
				CLANG_WARN_DOCUMENTATION_COMMENTS = YES;
				CLANG_WARN_EMPTY_BODY = YES;
				CLANG_WARN_ENUM_CONVERSION = YES;
				CLANG_WARN_INFINITE_RECURSION = YES;
				CLANG_WARN_INT_CONVERSION = YES;
				CLANG_WARN_NON_LITERAL_NULL_CONVERSION = YES;
				CLANG_WARN_OBJC_LITERAL_CONVERSION = YES;
				CLANG_WARN_OBJC_ROOT_CLASS = YES_ERROR;
				CLANG_WARN_RANGE_LOOP_ANALYSIS = YES;
				CLANG_WARN_STRICT_PROTOTYPES = YES;
				CLANG_WARN_SUSPICIOUS_MOVE = YES;
				CLANG_WARN_UNGUARDED_AVAILABILITY = YES_AGGRESSIVE;
				CLANG_WARN_UNREACHABLE_CODE = YES;
				CLANG_WARN__DUPLICATE_METHOD_MATCH = YES;
				CODE_SIGN_IDENTITY = "iPhone Developer";
				COPY_PHASE_STRIP = NO;
				DEBUG_INFORMATION_FORMAT = dwarf;
				ENABLE_STRICT_OBJC_MSGSEND = YES;
				ENABLE_TESTABILITY = YES;
				GCC_C_LANGUAGE_STANDARD = gnu11;
				GCC_DYNAMIC_NO_PIC = NO;
				GCC_NO_COMMON_BLOCKS = YES;
				GCC_OPTIMIZATION_LEVEL = 0;
				GCC_PREPROCESSOR_DEFINITIONS = (
					"DEBUG=1",
					"$(inherited)",
				);
				GCC_WARN_64_TO_32_BIT_CONVERSION = YES;
				GCC_WARN_ABOUT_RETURN_TYPE = YES_ERROR;
				GCC_WARN_UNDECLARED_SELECTOR = YES;
				GCC_WARN_UNINITIALIZED_AUTOS = YES_AGGRESSIVE;
				GCC_WARN_UNUSED_FUNCTION = YES;
				GCC_WARN_UNUSED_VARIABLE = YES;
				IPHONEOS_DEPLOYMENT_TARGET = 11.2;
				MTL_ENABLE_DEBUG_INFO = YES;
				ONLY_ACTIVE_ARCH = YES;
				SDKROOT = iphoneos;
				SWIFT_ACTIVE_COMPILATION_CONDITIONS = DEBUG;
				SWIFT_OPTIMIZATION_LEVEL = "-Onone";
			};
			name = Debug;
		};
		16DF4C11204170E400EDCB55 /* Release */ = {
			isa = XCBuildConfiguration;
			buildSettings = {
				ALWAYS_SEARCH_USER_PATHS = NO;
				CLANG_ANALYZER_NONNULL = YES;
				CLANG_ANALYZER_NUMBER_OBJECT_CONVERSION = YES_AGGRESSIVE;
				CLANG_CXX_LANGUAGE_STANDARD = "gnu++14";
				CLANG_CXX_LIBRARY = "libc++";
				CLANG_ENABLE_MODULES = YES;
				CLANG_ENABLE_OBJC_ARC = YES;
				CLANG_WARN_BLOCK_CAPTURE_AUTORELEASING = YES;
				CLANG_WARN_BOOL_CONVERSION = YES;
				CLANG_WARN_COMMA = YES;
				CLANG_WARN_CONSTANT_CONVERSION = YES;
				CLANG_WARN_DIRECT_OBJC_ISA_USAGE = YES_ERROR;
				CLANG_WARN_DOCUMENTATION_COMMENTS = YES;
				CLANG_WARN_EMPTY_BODY = YES;
				CLANG_WARN_ENUM_CONVERSION = YES;
				CLANG_WARN_INFINITE_RECURSION = YES;
				CLANG_WARN_INT_CONVERSION = YES;
				CLANG_WARN_NON_LITERAL_NULL_CONVERSION = YES;
				CLANG_WARN_OBJC_LITERAL_CONVERSION = YES;
				CLANG_WARN_OBJC_ROOT_CLASS = YES_ERROR;
				CLANG_WARN_RANGE_LOOP_ANALYSIS = YES;
				CLANG_WARN_STRICT_PROTOTYPES = YES;
				CLANG_WARN_SUSPICIOUS_MOVE = YES;
				CLANG_WARN_UNGUARDED_AVAILABILITY = YES_AGGRESSIVE;
				CLANG_WARN_UNREACHABLE_CODE = YES;
				CLANG_WARN__DUPLICATE_METHOD_MATCH = YES;
				CODE_SIGN_IDENTITY = "iPhone Developer";
				COPY_PHASE_STRIP = NO;
				DEBUG_INFORMATION_FORMAT = "dwarf-with-dsym";
				ENABLE_NS_ASSERTIONS = NO;
				ENABLE_STRICT_OBJC_MSGSEND = YES;
				GCC_C_LANGUAGE_STANDARD = gnu11;
				GCC_NO_COMMON_BLOCKS = YES;
				GCC_WARN_64_TO_32_BIT_CONVERSION = YES;
				GCC_WARN_ABOUT_RETURN_TYPE = YES_ERROR;
				GCC_WARN_UNDECLARED_SELECTOR = YES;
				GCC_WARN_UNINITIALIZED_AUTOS = YES_AGGRESSIVE;
				GCC_WARN_UNUSED_FUNCTION = YES;
				GCC_WARN_UNUSED_VARIABLE = YES;
				IPHONEOS_DEPLOYMENT_TARGET = 11.2;
				MTL_ENABLE_DEBUG_INFO = NO;
				SDKROOT = iphoneos;
				SWIFT_OPTIMIZATION_LEVEL = "-Owholemodule";
				VALIDATE_PRODUCT = YES;
			};
			name = Release;
		};
		16DF4C13204170E400EDCB55 /* Debug */ = {
			isa = XCBuildConfiguration;
			baseConfigurationReference = D0EB57F5079473623B7FB685 /* Pods-MDBMemes.debug.xcconfig */;
			buildSettings = {
				ASSETCATALOG_COMPILER_APPICON_NAME = AppIcon;
				CODE_SIGN_STYLE = Automatic;
				DEVELOPMENT_TEAM = 4X45GCW87V;
				INFOPLIST_FILE = MDBMemes/Info.plist;
				LD_RUNPATH_SEARCH_PATHS = "$(inherited) @executable_path/Frameworks";
				PRODUCT_BUNDLE_IDENTIFIER = com.khoslaa.MDBMemes;
				PRODUCT_NAME = "$(TARGET_NAME)";
				SWIFT_VERSION = 4.0;
				TARGETED_DEVICE_FAMILY = "1,2";
			};
			name = Debug;
		};
		16DF4C14204170E400EDCB55 /* Release */ = {
			isa = XCBuildConfiguration;
			baseConfigurationReference = 76036B78A558B60767FC3E2C /* Pods-MDBMemes.release.xcconfig */;
			buildSettings = {
				ASSETCATALOG_COMPILER_APPICON_NAME = AppIcon;
				CODE_SIGN_STYLE = Automatic;
				DEVELOPMENT_TEAM = 4X45GCW87V;
				INFOPLIST_FILE = MDBMemes/Info.plist;
				LD_RUNPATH_SEARCH_PATHS = "$(inherited) @executable_path/Frameworks";
				PRODUCT_BUNDLE_IDENTIFIER = com.khoslaa.MDBMemes;
				PRODUCT_NAME = "$(TARGET_NAME)";
				SWIFT_VERSION = 4.0;
				TARGETED_DEVICE_FAMILY = "1,2";
			};
			name = Release;
		};
		16DF4C16204170E400EDCB55 /* Debug */ = {
			isa = XCBuildConfiguration;
			baseConfigurationReference = 29014965344CDE30220F898C /* Pods-MDBMemesTests.debug.xcconfig */;
			buildSettings = {
				ALWAYS_EMBED_SWIFT_STANDARD_LIBRARIES = YES;
				BUNDLE_LOADER = "$(TEST_HOST)";
				CODE_SIGN_STYLE = Automatic;
				INFOPLIST_FILE = MDBMemesTests/Info.plist;
				LD_RUNPATH_SEARCH_PATHS = "$(inherited) @executable_path/Frameworks @loader_path/Frameworks";
				PRODUCT_BUNDLE_IDENTIFIER = com.khoslaa.MDBMemesTests;
				PRODUCT_NAME = "$(TARGET_NAME)";
				SWIFT_VERSION = 4.0;
				TARGETED_DEVICE_FAMILY = "1,2";
				TEST_HOST = "$(BUILT_PRODUCTS_DIR)/MDBMemes.app/MDBMemes";
			};
			name = Debug;
		};
		16DF4C17204170E400EDCB55 /* Release */ = {
			isa = XCBuildConfiguration;
			baseConfigurationReference = 31F789FA13EEED47827085A5 /* Pods-MDBMemesTests.release.xcconfig */;
			buildSettings = {
				ALWAYS_EMBED_SWIFT_STANDARD_LIBRARIES = YES;
				BUNDLE_LOADER = "$(TEST_HOST)";
				CODE_SIGN_STYLE = Automatic;
				INFOPLIST_FILE = MDBMemesTests/Info.plist;
				LD_RUNPATH_SEARCH_PATHS = "$(inherited) @executable_path/Frameworks @loader_path/Frameworks";
				PRODUCT_BUNDLE_IDENTIFIER = com.khoslaa.MDBMemesTests;
				PRODUCT_NAME = "$(TARGET_NAME)";
				SWIFT_VERSION = 4.0;
				TARGETED_DEVICE_FAMILY = "1,2";
				TEST_HOST = "$(BUILT_PRODUCTS_DIR)/MDBMemes.app/MDBMemes";
			};
			name = Release;
		};
		16DF4C19204170E400EDCB55 /* Debug */ = {
			isa = XCBuildConfiguration;
			baseConfigurationReference = 2E28565F6855F6877F20C47F /* Pods-MDBMemesUITests.debug.xcconfig */;
			buildSettings = {
				ALWAYS_EMBED_SWIFT_STANDARD_LIBRARIES = YES;
				CODE_SIGN_STYLE = Automatic;
				INFOPLIST_FILE = MDBMemesUITests/Info.plist;
				LD_RUNPATH_SEARCH_PATHS = "$(inherited) @executable_path/Frameworks @loader_path/Frameworks";
				PRODUCT_BUNDLE_IDENTIFIER = com.khoslaa.MDBMemesUITests;
				PRODUCT_NAME = "$(TARGET_NAME)";
				SWIFT_VERSION = 4.0;
				TARGETED_DEVICE_FAMILY = "1,2";
				TEST_TARGET_NAME = MDBMemes;
			};
			name = Debug;
		};
		16DF4C1A204170E400EDCB55 /* Release */ = {
			isa = XCBuildConfiguration;
			baseConfigurationReference = 4CD8BAFD0EEAB1613928F000 /* Pods-MDBMemesUITests.release.xcconfig */;
			buildSettings = {
				ALWAYS_EMBED_SWIFT_STANDARD_LIBRARIES = YES;
				CODE_SIGN_STYLE = Automatic;
				INFOPLIST_FILE = MDBMemesUITests/Info.plist;
				LD_RUNPATH_SEARCH_PATHS = "$(inherited) @executable_path/Frameworks @loader_path/Frameworks";
				PRODUCT_BUNDLE_IDENTIFIER = com.khoslaa.MDBMemesUITests;
				PRODUCT_NAME = "$(TARGET_NAME)";
				SWIFT_VERSION = 4.0;
				TARGETED_DEVICE_FAMILY = "1,2";
				TEST_TARGET_NAME = MDBMemes;
			};
			name = Release;
		};
/* End XCBuildConfiguration section */

/* Begin XCConfigurationList section */
		16DF4BE5204170E400EDCB55 /* Build configuration list for PBXProject "MDBMemes" */ = {
			isa = XCConfigurationList;
			buildConfigurations = (
				16DF4C10204170E400EDCB55 /* Debug */,
				16DF4C11204170E400EDCB55 /* Release */,
			);
			defaultConfigurationIsVisible = 0;
			defaultConfigurationName = Release;
		};
		16DF4C12204170E400EDCB55 /* Build configuration list for PBXNativeTarget "MDBMemes" */ = {
			isa = XCConfigurationList;
			buildConfigurations = (
				16DF4C13204170E400EDCB55 /* Debug */,
				16DF4C14204170E400EDCB55 /* Release */,
			);
			defaultConfigurationIsVisible = 0;
			defaultConfigurationName = Release;
		};
		16DF4C15204170E400EDCB55 /* Build configuration list for PBXNativeTarget "MDBMemesTests" */ = {
			isa = XCConfigurationList;
			buildConfigurations = (
				16DF4C16204170E400EDCB55 /* Debug */,
				16DF4C17204170E400EDCB55 /* Release */,
			);
			defaultConfigurationIsVisible = 0;
			defaultConfigurationName = Release;
		};
		16DF4C18204170E400EDCB55 /* Build configuration list for PBXNativeTarget "MDBMemesUITests" */ = {
			isa = XCConfigurationList;
			buildConfigurations = (
				16DF4C19204170E400EDCB55 /* Debug */,
				16DF4C1A204170E400EDCB55 /* Release */,
			);
			defaultConfigurationIsVisible = 0;
			defaultConfigurationName = Release;
		};
/* End XCConfigurationList section */
	};
	rootObject = 16DF4BE2204170E400EDCB55 /* Project object */;
}
